
Microsoft Visual Studio Solution File, Format Version 12.00
# Visual Studio Version 17
VisualStudioVersion = 17.14.36414.22
MinimumVisualStudioVersion = 10.0.40219.1
Project("{FAE04EC0-301F-11D3-BF4B-00C04F79EFBC}") = "RateMyProfessor", "RateMyProfessor.csproj", "{D4B4D3B7-9D43-42CC-B128-B4E80B0D73A5}"
EndProject
Global
	GlobalSection(SolutionConfigurationPlatforms) = preSolution
		Debug|Any CPU = Debug|Any CPU
		Release|Any CPU = Release|Any CPU
	EndGlobalSection
	GlobalSection(ProjectConfigurationPlatforms) = postSolution
		{D4B4D3B7-9D43-42CC-B128-B4E80B0D73A5}.Debug|Any CPU.ActiveCfg = Debug|Any CPU
		{D4B4D3B7-9D43-42CC-B128-B4E80B0D73A5}.Debug|Any CPU.Build.0 = Debug|Any CPU
		{D4B4D3B7-9D43-42CC-B128-B4E80B0D73A5}.Release|Any CPU.ActiveCfg = Release|Any CPU
		{D4B4D3B7-9D43-42CC-B128-B4E80B0D73A5}.Release|Any CPU.Build.0 = Release|Any CPU
	EndGlobalSection
	GlobalSection(SolutionProperties) = preSolution
		HideSolutionNode = FALSE
	EndGlobalSection
	GlobalSection(ExtensibilityGlobals) = postSolution
		SolutionGuid = {2F25F102-685F-46D9-B0EB-20B248D8E3D8}
	EndGlobalSection
EndGlobal
